
Microsoft Visual Studio Solution File, Format Version 12.00
# Visual Studio Version 17
VisualStudioVersion = 17.5.002.0
MinimumVisualStudioVersion = 10.0.40219.1
Project("{2150E333-8FDC-42A3-9474-1A3956D46DE8}") = "1_HasPairWithSum", "1_HasPairWithSum", "{94D8BA57-5DAC-45A2-AD7B-587316DAB23B}"
EndProject
Project("{9A19103F-16F7-4668-BE54-9A1E7A4F7556}") = "HasPairWithSum", "HasPairWithSum.csproj", "{4F30D011-38A4-4DBF-8820-CDACB53EB613}"
EndProject
Global
	GlobalSection(SolutionConfigurationPlatforms) = preSolution
		Debug|Any CPU = Debug|Any CPU
		Release|Any CPU = Release|Any CPU
	EndGlobalSection
	GlobalSection(ProjectConfigurationPlatforms) = postSolution
		{4F30D011-38A4-4DBF-8820-CDACB53EB613}.Debug|Any CPU.ActiveCfg = Debug|Any CPU
		{4F30D011-38A4-4DBF-8820-CDACB53EB613}.Debug|Any CPU.Build.0 = Debug|Any CPU
		{4F30D011-38A4-4DBF-8820-CDACB53EB613}.Release|Any CPU.ActiveCfg = Release|Any CPU
		{4F30D011-38A4-4DBF-8820-CDACB53EB613}.Release|Any CPU.Build.0 = Release|Any CPU
	EndGlobalSection
	GlobalSection(SolutionProperties) = preSolution
		HideSolutionNode = FALSE
	EndGlobalSection
	GlobalSection(NestedProjects) = preSolution
		{4F30D011-38A4-4DBF-8820-CDACB53EB613} = {94D8BA57-5DAC-45A2-AD7B-587316DAB23B}
	EndGlobalSection
	GlobalSection(ExtensibilityGlobals) = postSolution
		SolutionGuid = {006577D9-43A6-42DA-ACB5-32EEC1D0BB69}
	EndGlobalSection
EndGlobal
